# This is a Gradle generated file for dependency locking.
# Manual edits can break the build and are not advised.
# This file is expected to be part of source control.
ch.qos.logback:logback-classic:1.5.18=compileClasspath,runtimeClasspath
ch.qos.logback:logback-core:1.5.18=compileClasspath,runtimeClasspath
com.fasterxml.jackson.core:jackson-core:2.18.2=compileClasspath,runtimeClasspath
com.fasterxml.jackson:jackson-bom:2.18.2=compileClasspath,runtimeClasspath
io.netty:netty-buffer:4.2.1.Final=compileClasspath,runtimeClasspath
io.netty:netty-codec-base:4.2.1.Final=compileClasspath,runtimeClasspath
io.netty:netty-codec-compression:4.2.1.Final=compileClasspath,runtimeClasspath
io.netty:netty-codec-dns:4.2.1.Final=compileClasspath,runtimeClasspath
io.netty:netty-codec-http2:4.2.1.Final=compileClasspath,runtimeClasspath
io.netty:netty-codec-http:4.2.1.Final=compileClasspath,runtimeClasspath
io.netty:netty-codec-socks:4.2.1.Final=compileClasspath,runtimeClasspath
io.netty:netty-common:4.2.1.Final=compileClasspath,runtimeClasspath
io.netty:netty-handler-proxy:4.2.1.Final=compileClasspath,runtimeClasspath
io.netty:netty-handler:4.2.1.Final=compileClasspath,runtimeClasspath
io.netty:netty-resolver-dns:4.2.1.Final=compileClasspath,runtimeClasspath
io.netty:netty-resolver:4.2.1.Final=compileClasspath,runtimeClasspath
io.netty:netty-transport-native-unix-common:4.2.1.Final=compileClasspath,runtimeClasspath
io.netty:netty-transport:4.2.1.Final=compileClasspath,runtimeClasspath
io.vertx:vertx-auth-common:5.0.0=compileClasspath,runtimeClasspath
io.vertx:vertx-bridge-common:5.0.0=compileClasspath,runtimeClasspath
io.vertx:vertx-core-logging:5.0.0=compileClasspath,runtimeClasspath
io.vertx:vertx-core:5.0.0=compileClasspath,runtimeClasspath
io.vertx:vertx-web-common:5.0.0=compileClasspath,runtimeClasspath
io.vertx:vertx-web:5.0.0=compileClasspath,runtimeClasspath
org.slf4j:slf4j-api:2.0.17=compileClasspath,runtimeClasspath
empty=
