# This is a Gradle generated file for dependency locking.
# Manual edits can break the build and are not advised.
# This file is expected to be part of source control.
ch.qos.logback:logback-classic:1.5.17=compileClasspath,runtimeClasspath
ch.qos.logback:logback-core:1.5.17=compileClasspath,runtimeClasspath
com.fasterxml.jackson.core:jackson-core:2.16.1=compileClasspath,runtimeClasspath
com.fasterxml.jackson:jackson-bom:2.16.1=compileClasspath,runtimeClasspath
io.netty:netty-buffer:4.1.117.Final=compileClasspath,runtimeClasspath
io.netty:netty-codec-dns:4.1.117.Final=compileClasspath,runtimeClasspath
io.netty:netty-codec-http2:4.1.117.Final=compileClasspath,runtimeClasspath
io.netty:netty-codec-http:4.1.117.Final=compileClasspath,runtimeClasspath
io.netty:netty-codec-socks:4.1.117.Final=compileClasspath,runtimeClasspath
io.netty:netty-codec:4.1.117.Final=compileClasspath,runtimeClasspath
io.netty:netty-common:4.1.117.Final=compileClasspath,runtimeClasspath
io.netty:netty-handler-proxy:4.1.117.Final=compileClasspath,runtimeClasspath
io.netty:netty-handler:4.1.117.Final=compileClasspath,runtimeClasspath
io.netty:netty-resolver-dns:4.1.117.Final=compileClasspath,runtimeClasspath
io.netty:netty-resolver:4.1.117.Final=compileClasspath,runtimeClasspath
io.netty:netty-transport-native-unix-common:4.1.117.Final=compileClasspath,runtimeClasspath
io.netty:netty-transport:4.1.117.Final=compileClasspath,runtimeClasspath
io.vertx:vertx-auth-common:4.5.12=compileClasspath,runtimeClasspath
io.vertx:vertx-bridge-common:4.5.12=compileClasspath,runtimeClasspath
io.vertx:vertx-core:4.5.12=compileClasspath,runtimeClasspath
io.vertx:vertx-web-common:4.5.12=compileClasspath,runtimeClasspath
io.vertx:vertx-web:4.5.12=compileClasspath,runtimeClasspath
org.slf4j:slf4j-api:2.0.17=compileClasspath,runtimeClasspath
empty=
